{
  "name": "Bugzilla",
  "lockfileVersion": 3,
  "requires": true,
  "packages": {
    "": {
      "dependencies": {
        "@cloudinary/react": "^1.11.2",
        "@cloudinary/url-gen": "^1.11.2"
      }
    },
    "node_modules/@cloudinary/html": {
      "version": "1.11.2",
      "resolved": "https://registry.npmjs.org/@cloudinary/html/-/html-1.11.2.tgz",
      "integrity": "sha512-IibBZliI7MOK3dxvz0WlsEyTIsqZhY3SiCBQM0CNwCKxn3N1TO8OgetfU26Now1lJbdoF5JQ8S7Cn6ZWNuU1KA==",
      "dependencies": {
        "@types/lodash.clonedeep": "^4.5.6",
        "@types/lodash.debounce": "^4.0.6",
        "@types/node": "^14.14.10",
        "lodash.clonedeep": "^4.5.0",
        "lodash.debounce": "^4.0.8",
        "typescript": "^4.1.2"
      }
    },
    "node_modules/@cloudinary/react": {
      "version": "1.11.2",
      "resolved": "https://registry.npmjs.org/@cloudinary/react/-/react-1.11.2.tgz",
      "integrity": "sha512-ZnVthMW7TExLMPmyven4N7EVr2oX2yZqnHn6EHBlni9iM0AZd6qtR8R5/SscxNLNwgBieWuvmejUlUT4LqPpMg==",
      "dependencies": {
        "@cloudinary/html": "^1.11.2"
      },
      "engines": {
        "node": ">=10"
      },
      "peerDependencies": {
        "react": "^16.3.0 || ^17.0.0 || ^18.0.0"
      }
    },
    "node_modules/@cloudinary/transformation-builder-sdk": {
      "version": "1.6.1",
      "resolved": "https://registry.npmjs.org/@cloudinary/transformation-builder-sdk/-/transformation-builder-sdk-1.6.1.tgz",
      "integrity": "sha512-cBoSFbE4SnXO2QvUq+cYgUpXufmZTgg05Cy+jAdiNRGcC6lN+KO0ybMnLU6yg9cFub2NRkBDpU4N53wg4a977w==",
      "dependencies": {
        "@cloudinary/url-gen": "^1.7.0"
      }
    },
    "node_modules/@cloudinary/url-gen": {
      "version": "1.11.2",
      "resolved": "https://registry.npmjs.org/@cloudinary/url-gen/-/url-gen-1.11.2.tgz",
      "integrity": "sha512-9yL3BlThh3PfyRg/zS8cQVic3FdFaIOp361YrDrQ4fqYbYE47SGWF4ji9KoFxYF4ejfDEptayeG9jF2C465KRQ==",
      "dependencies": {
        "@cloudinary/transformation-builder-sdk": "^1.5.1"
      }
    },
    "node_modules/@types/lodash": {
      "version": "4.14.197",
      "resolved": "https://registry.npmjs.org/@types/lodash/-/lodash-4.14.197.tgz",
      "integrity": "sha512-BMVOiWs0uNxHVlHBgzTIqJYmj+PgCo4euloGF+5m4okL3rEYzM2EEv78mw8zWSMM57dM7kVIgJ2QDvwHSoCI5g=="
    },
    "node_modules/@types/lodash.clonedeep": {
      "version": "4.5.7",
      "resolved": "https://registry.npmjs.org/@types/lodash.clonedeep/-/lodash.clonedeep-4.5.7.tgz",
      "integrity": "sha512-ccNqkPptFIXrpVqUECi60/DFxjNKsfoQxSQsgcBJCX/fuX1wgyQieojkcWH/KpE3xzLoWN/2k+ZeGqIN3paSvw==",
      "dependencies": {
        "@types/lodash": "*"
      }
    },
    "node_modules/@types/lodash.debounce": {
      "version": "4.0.7",
      "resolved": "https://registry.npmjs.org/@types/lodash.debounce/-/lodash.debounce-4.0.7.tgz",
      "integrity": "sha512-X1T4wMZ+gT000M2/91SYj0d/7JfeNZ9PeeOldSNoE/lunLeQXKvkmIumI29IaKMotU/ln/McOIvgzZcQ/3TrSA==",
      "dependencies": {
        "@types/lodash": "*"
      }
    },
    "node_modules/@types/node": {
      "version": "14.18.56",
      "resolved": "https://registry.npmjs.org/@types/node/-/node-14.18.56.tgz",
      "integrity": "sha512-+k+57NVS9opgrEn5l9c0gvD1r6C+PtyhVE4BTnMMRwiEA8ZO8uFcs6Yy2sXIy0eC95ZurBtRSvhZiHXBysbl6w=="
    },
    "node_modules/lodash.clonedeep": {
      "version": "4.5.0",
      "resolved": "https://registry.npmjs.org/lodash.clonedeep/-/lodash.clonedeep-4.5.0.tgz",
      "integrity": "sha512-H5ZhCF25riFd9uB5UCkVKo61m3S/xZk1x4wA6yp/L3RFP6Z/eHH1ymQcGLo7J3GMPfm0V/7m1tryHuGVxpqEBQ=="
    },
    "node_modules/lodash.debounce": {
      "version": "4.0.8",
      "resolved": "https://registry.npmjs.org/lodash.debounce/-/lodash.debounce-4.0.8.tgz",
      "integrity": "sha512-FT1yDzDYEoYWhnSGnpE/4Kj1fLZkDFyqRb7fNt6FdYOSxlUWAtp42Eh6Wb0rGIv/m9Bgo7x4GhQbm5Ys4SG5ow=="
    },
    "node_modules/typescript": {
      "version": "4.9.5",
      "resolved": "https://registry.npmjs.org/typescript/-/typescript-4.9.5.tgz",
      "integrity": "sha512-1FXk9E2Hm+QzZQ7z+McJiHL4NW1F2EzMu9Nq9i3zAaGqibafqYwCVU6WyWAuyQRRzOlxou8xZSyXLEN8oKj24g==",
      "bin": {
        "tsc": "bin/tsc",
        "tsserver": "bin/tsserver"
      },
      "engines": {
        "node": ">=4.2.0"
      }
    }
  }
}
